PODS:
  - RxCocoa (4.1.2):
    - RxSwift (~> 4.0)
  - RxSwift (4.1.2)
  - SnapKit (4.0.0)

DEPENDENCIES:
  - RxCocoa (~> 4.1.0)
  - RxSwift (~> 4.1.0)
  - SnapKit (= 4.0.0)

SPEC CHECKSUMS:
  RxCocoa: d88ba0f1f6abf040011a9eb4b539324fc426843a
  RxSwift: e49536837d9901277638493ea537394d4b55f570
  SnapKit: a42d492c16e80209130a3379f73596c3454b7694

PODFILE CHECKSUM: f522760a0beff5e0d2579c1d2dc1637755638a99

COCOAPODS: 1.4.0
