// !$*UTF8*$!
{
	archiveVersion = 1;
	classes = {
	};
	objectVersion = 50;
	objects = {

/* Begin PBXBuildFile section */
		4C4D7293B9B2EFA2C7AD65BE /* Pods_VoiceActing.framework in Frameworks */ = {isa = PBXBuildFile; fileRef = C9FCBA9F72341450398ABBCB /* Pods_VoiceActing.framework */; };
		84117661224B7FE400F8E8D5 /* AudioRecordView.xib in Resources */ = {isa = PBXBuildFile; fileRef = 8411765F224B7FE400F8E8D5 /* AudioRecordView.xib */; };
		84117662224B7FE400F8E8D5 /* AudioRecordView.swift in Sources */ = {isa = PBXBuildFile; fileRef = 84117660224B7FE400F8E8D5 /* AudioRecordView.swift */; };
		8415465C224DC3EA00A89A4F /* AudioToolView.swift in Sources */ = {isa = PBXBuildFile; fileRef = 8415465A224DC3EA00A89A4F /* AudioToolView.swift */; };
		8415465D224DC3EA00A89A4F /* AudioToolView.xib in Resources */ = {isa = PBXBuildFile; fileRef = 8415465B224DC3EA00A89A4F /* AudioToolView.xib */; };
		84154661224DC8DC00A89A4F /* HitExtendButton.swift in Sources */ = {isa = PBXBuildFile; fileRef = 8415465E224DC8DC00A89A4F /* HitExtendButton.swift */; };
		84154662224DC8DC00A89A4F /* AnimationSlider.swift in Sources */ = {isa = PBXBuildFile; fileRef = 84154660224DC8DC00A89A4F /* AnimationSlider.swift */; };
		84154664224DC94B00A89A4F /* UIResponder+NameBox.swift in Sources */ = {isa = PBXBuildFile; fileRef = 84154663224DC94B00A89A4F /* UIResponder+NameBox.swift */; };
		84A48981223FAB1700A8D124 /* AppDelegate.swift in Sources */ = {isa = PBXBuildFile; fileRef = 84A48980223FAB1700A8D124 /* AppDelegate.swift */; };
		84A48983223FAB1700A8D124 /* ViewController.swift in Sources */ = {isa = PBXBuildFile; fileRef = 84A48982223FAB1700A8D124 /* ViewController.swift */; };
		84A48986223FAB1700A8D124 /* Main.storyboard in Resources */ = {isa = PBXBuildFile; fileRef = 84A48984223FAB1700A8D124 /* Main.storyboard */; };
		84A48988223FAB1900A8D124 /* Assets.xcassets in Resources */ = {isa = PBXBuildFile; fileRef = 84A48987223FAB1900A8D124 /* Assets.xcassets */; };
		84A4898B223FAB1900A8D124 /* LaunchScreen.storyboard in Resources */ = {isa = PBXBuildFile; fileRef = 84A48989223FAB1900A8D124 /* LaunchScreen.storyboard */; };
		84A489F72241E9FA00A8D124 /* MediaCompose.storyboard in Resources */ = {isa = PBXBuildFile; fileRef = 84A489F62241E9FA00A8D124 /* MediaCompose.storyboard */; };
		84A48A1F2241F0E100A8D124 /* Adaptable.swift in Sources */ = {isa = PBXBuildFile; fileRef = 84A48A012241F0E100A8D124 /* Adaptable.swift */; };
		84A48A202241F0E100A8D124 /* Namespace.swift in Sources */ = {isa = PBXBuildFile; fileRef = 84A48A022241F0E100A8D124 /* Namespace.swift */; };
		84A48A222241F0E100A8D124 /* PhotosSelectItem.swift in Sources */ = {isa = PBXBuildFile; fileRef = 84A48A052241F0E100A8D124 /* PhotosSelectItem.swift */; };
		84A48A232241F0E100A8D124 /* AlbumsSelectTableCell.swift in Sources */ = {isa = PBXBuildFile; fileRef = 84A48A062241F0E100A8D124 /* AlbumsSelectTableCell.swift */; };
		84A48A242241F0E100A8D124 /* PhotosManager.swift in Sources */ = {isa = PBXBuildFile; fileRef = 84A48A082241F0E100A8D124 /* PhotosManager.swift */; };
		84A48A252241F0E100A8D124 /* PhotosImageRequester.swift in Sources */ = {isa = PBXBuildFile; fileRef = 84A48A092241F0E100A8D124 /* PhotosImageRequester.swift */; };
		84A48A262241F0E100A8D124 /* PhotosSelectCollectionCell.swift in Sources */ = {isa = PBXBuildFile; fileRef = 84A48A0A2241F0E100A8D124 /* PhotosSelectCollectionCell.swift */; };
		84A48A272241F0E100A8D124 /* PhotosSelectViewController.swift in Sources */ = {isa = PBXBuildFile; fileRef = 84A48A0B2241F0E100A8D124 /* PhotosSelectViewController.swift */; };
		84A48A282241F0E100A8D124 /* AuthorizationManager.swift in Sources */ = {isa = PBXBuildFile; fileRef = 84A48A0D2241F0E100A8D124 /* AuthorizationManager.swift */; };
		84A48A292241F0E100A8D124 /* PhotosSelectViewController.storyboard in Resources */ = {isa = PBXBuildFile; fileRef = 84A48A0E2241F0E100A8D124 /* PhotosSelectViewController.storyboard */; };
		84A48A2A2241F0E100A8D124 /* AlbumsSelectViewController.swift in Sources */ = {isa = PBXBuildFile; fileRef = 84A48A0F2241F0E100A8D124 /* AlbumsSelectViewController.swift */; };
		84A48A2B2241F0E100A8D124 /* CGFloat+bs.swift in Sources */ = {isa = PBXBuildFile; fileRef = 84A48A122241F0E100A8D124 /* CGFloat+bs.swift */; };
		84A48A2C2241F0E100A8D124 /* CGPoint+bs.swift in Sources */ = {isa = PBXBuildFile; fileRef = 84A48A132241F0E100A8D124 /* CGPoint+bs.swift */; };
		84A48A2D2241F0E100A8D124 /* UIColor+bs.swift in Sources */ = {isa = PBXBuildFile; fileRef = 84A48A152241F0E100A8D124 /* UIColor+bs.swift */; };
		84A48A2E2241F0E100A8D124 /* UICollectionViewFlowLayout+NameBox.swift in Sources */ = {isa = PBXBuildFile; fileRef = 84A48A162241F0E100A8D124 /* UICollectionViewFlowLayout+NameBox.swift */; };
		84A48A2F2241F0E100A8D124 /* UIViewController+bs.swift in Sources */ = {isa = PBXBuildFile; fileRef = 84A48A172241F0E100A8D124 /* UIViewController+bs.swift */; };
		84A48A302241F0E100A8D124 /* UIView+bs.swift in Sources */ = {isa = PBXBuildFile; fileRef = 84A48A182241F0E100A8D124 /* UIView+bs.swift */; };
		84A48A312241F0E100A8D124 /* UIImage+bs.swift in Sources */ = {isa = PBXBuildFile; fileRef = 84A48A192241F0E100A8D124 /* UIImage+bs.swift */; };
		84A48A322241F0E100A8D124 /* NSObject+bs.swift in Sources */ = {isa = PBXBuildFile; fileRef = 84A48A1B2241F0E100A8D124 /* NSObject+bs.swift */; };
		84A48A332241F0E100A8D124 /* String+bs.swift in Sources */ = {isa = PBXBuildFile; fileRef = 84A48A1D2241F0E100A8D124 /* String+bs.swift */; };
		84A48A342241F0E100A8D124 /* TimeInterval+bs.swift in Sources */ = {isa = PBXBuildFile; fileRef = 84A48A1E2241F0E100A8D124 /* TimeInterval+bs.swift */; };
		84A48A3922421F3F00A8D124 /* MediaComposeItem.swift in Sources */ = {isa = PBXBuildFile; fileRef = 84A48A3522421F3F00A8D124 /* MediaComposeItem.swift */; };
		84A48A3A22421F3F00A8D124 /* MediaComposeViewController.swift in Sources */ = {isa = PBXBuildFile; fileRef = 84A48A3622421F3F00A8D124 /* MediaComposeViewController.swift */; };
		84A48A3B22421F3F00A8D124 /* RecordAudioProcesser.swift in Sources */ = {isa = PBXBuildFile; fileRef = 84A48A3722421F3F00A8D124 /* RecordAudioProcesser.swift */; };
		84A48A3C22421F3F00A8D124 /* MediaComposer.swift in Sources */ = {isa = PBXBuildFile; fileRef = 84A48A3822421F3F00A8D124 /* MediaComposer.swift */; };
		84A48A442242212900A8D124 /* AACEncoder.m in Sources */ = {isa = PBXBuildFile; fileRef = 84A48A402242212900A8D124 /* AACEncoder.m */; };
		84A48A4F2242231C00A8D124 /* AVAssetExportSession+NameBox.swift in Sources */ = {isa = PBXBuildFile; fileRef = 84A48A4B2242231C00A8D124 /* AVAssetExportSession+NameBox.swift */; };
		84A48A502242231C00A8D124 /* AVAsset+AVComposition.swift in Sources */ = {isa = PBXBuildFile; fileRef = 84A48A4C2242231C00A8D124 /* AVAsset+AVComposition.swift */; };
		84A48A512242231C00A8D124 /* AVAssetTrack+NameBox.swift in Sources */ = {isa = PBXBuildFile; fileRef = 84A48A4D2242231C00A8D124 /* AVAssetTrack+NameBox.swift */; };
		84A48A522242231C00A8D124 /* AVAudioSession+NameBox.swift in Sources */ = {isa = PBXBuildFile; fileRef = 84A48A4E2242231C00A8D124 /* AVAudioSession+NameBox.swift */; };
		84A48AA6224223C300A8D124 /* VideoControlCollectionCell.swift in Sources */ = {isa = PBXBuildFile; fileRef = 84A48A7E224223C300A8D124 /* VideoControlCollectionCell.swift */; };
		84A48AA8224223C300A8D124 /* VideoControlView.xib in Resources */ = {isa = PBXBuildFile; fileRef = 84A48A80224223C300A8D124 /* VideoControlView.xib */; };
		84A48AA9224223C300A8D124 /* MediaEditComponentView.xib in Resources */ = {isa = PBXBuildFile; fileRef = 84A48A81224223C300A8D124 /* MediaEditComponentView.xib */; };
		84A48AAA224223C300A8D124 /* MediaEditComponentView.swift in Sources */ = {isa = PBXBuildFile; fileRef = 84A48A82224223C300A8D124 /* MediaEditComponentView.swift */; };
		84A48AAB224223C300A8D124 /* VideoControlView.swift in Sources */ = {isa = PBXBuildFile; fileRef = 84A48A83224223C300A8D124 /* VideoControlView.swift */; };
		84A48AAD2242261C00A8D124 /* MediaComposeViewModel.swift in Sources */ = {isa = PBXBuildFile; fileRef = 84A48AAC2242261C00A8D124 /* MediaComposeViewModel.swift */; };
		84A48ABA2244ED9900A8D124 /* UIImage+BSCategory.m in Sources */ = {isa = PBXBuildFile; fileRef = 84A48AB92244ED9900A8D124 /* UIImage+BSCategory.m */; };
		84A48ABC2244F17200A8D124 /* FileManager+NameBox.swift in Sources */ = {isa = PBXBuildFile; fileRef = 84A48ABB2244F17200A8D124 /* FileManager+NameBox.swift */; };
		84A48AED2248C71000A8D124 /* AudioSelectionCollectionCell.swift in Sources */ = {isa = PBXBuildFile; fileRef = 84A48ACD2248C71000A8D124 /* AudioSelectionCollectionCell.swift */; };
		84A48AF32248C71000A8D124 /* AudioSelectionView.swift in Sources */ = {isa = PBXBuildFile; fileRef = 84A48AD52248C71000A8D124 /* AudioSelectionView.swift */; };
		84EA1570224CA156008F523F /* AudioEditView.xib in Resources */ = {isa = PBXBuildFile; fileRef = 84EA156E224CA156008F523F /* AudioEditView.xib */; };
		84EA1571224CA156008F523F /* AudioEditView.swift in Sources */ = {isa = PBXBuildFile; fileRef = 84EA156F224CA156008F523F /* AudioEditView.swift */; };
/* End PBXBuildFile section */

/* Begin PBXFileReference section */
		6CA95BA3DCF5FF3C76FD77CA /* Pods-VoiceActing.debug.xcconfig */ = {isa = PBXFileReference; includeInIndex = 1; lastKnownFileType = text.xcconfig; name = "Pods-VoiceActing.debug.xcconfig"; path = "Pods/Target Support Files/Pods-VoiceActing/Pods-VoiceActing.debug.xcconfig"; sourceTree = "<group>"; };
		7EB21FE22BF8A5C96D5E631C /* Pods-VoiceActing.release.xcconfig */ = {isa = PBXFileReference; includeInIndex = 1; lastKnownFileType = text.xcconfig; name = "Pods-VoiceActing.release.xcconfig"; path = "Pods/Target Support Files/Pods-VoiceActing/Pods-VoiceActing.release.xcconfig"; sourceTree = "<group>"; };
		8411765F224B7FE400F8E8D5 /* AudioRecordView.xib */ = {isa = PBXFileReference; fileEncoding = 4; lastKnownFileType = file.xib; path = AudioRecordView.xib; sourceTree = "<group>"; };
		84117660224B7FE400F8E8D5 /* AudioRecordView.swift */ = {isa = PBXFileReference; fileEncoding = 4; lastKnownFileType = sourcecode.swift; path = AudioRecordView.swift; sourceTree = "<group>"; };
		8415465A224DC3EA00A89A4F /* AudioToolView.swift */ = {isa = PBXFileReference; fileEncoding = 4; lastKnownFileType = sourcecode.swift; path = AudioToolView.swift; sourceTree = "<group>"; };
		8415465B224DC3EA00A89A4F /* AudioToolView.xib */ = {isa = PBXFileReference; fileEncoding = 4; lastKnownFileType = file.xib; path = AudioToolView.xib; sourceTree = "<group>"; };
		8415465E224DC8DC00A89A4F /* HitExtendButton.swift */ = {isa = PBXFileReference; fileEncoding = 4; lastKnownFileType = sourcecode.swift; path = HitExtendButton.swift; sourceTree = "<group>"; };
		84154660224DC8DC00A89A4F /* AnimationSlider.swift */ = {isa = PBXFileReference; fileEncoding = 4; lastKnownFileType = sourcecode.swift; path = AnimationSlider.swift; sourceTree = "<group>"; };
		84154663224DC94B00A89A4F /* UIResponder+NameBox.swift */ = {isa = PBXFileReference; fileEncoding = 4; lastKnownFileType = sourcecode.swift; path = "UIResponder+NameBox.swift"; sourceTree = "<group>"; };
		84A4897D223FAB1700A8D124 /* VoiceActing.app */ = {isa = PBXFileReference; explicitFileType = wrapper.application; includeInIndex = 0; path = VoiceActing.app; sourceTree = BUILT_PRODUCTS_DIR; };
		84A48980223FAB1700A8D124 /* AppDelegate.swift */ = {isa = PBXFileReference; lastKnownFileType = sourcecode.swift; path = AppDelegate.swift; sourceTree = "<group>"; };
		84A48982223FAB1700A8D124 /* ViewController.swift */ = {isa = PBXFileReference; lastKnownFileType = sourcecode.swift; path = ViewController.swift; sourceTree = "<group>"; };
		84A48985223FAB1700A8D124 /* Base */ = {isa = PBXFileReference; lastKnownFileType = file.storyboard; name = Base; path = Base.lproj/Main.storyboard; sourceTree = "<group>"; };
		84A48987223FAB1900A8D124 /* Assets.xcassets */ = {isa = PBXFileReference; lastKnownFileType = folder.assetcatalog; path = Assets.xcassets; sourceTree = "<group>"; };
		84A4898A223FAB1900A8D124 /* Base */ = {isa = PBXFileReference; lastKnownFileType = file.storyboard; name = Base; path = Base.lproj/LaunchScreen.storyboard; sourceTree = "<group>"; };
		84A4898C223FAB1900A8D124 /* Info.plist */ = {isa = PBXFileReference; lastKnownFileType = text.plist.xml; path = Info.plist; sourceTree = "<group>"; };
		84A489F62241E9FA00A8D124 /* MediaCompose.storyboard */ = {isa = PBXFileReference; lastKnownFileType = file.storyboard; path = MediaCompose.storyboard; sourceTree = "<group>"; };
		84A48A012241F0E100A8D124 /* Adaptable.swift */ = {isa = PBXFileReference; fileEncoding = 4; lastKnownFileType = sourcecode.swift; path = Adaptable.swift; sourceTree = "<group>"; };
		84A48A022241F0E100A8D124 /* Namespace.swift */ = {isa = PBXFileReference; fileEncoding = 4; lastKnownFileType = sourcecode.swift; path = Namespace.swift; sourceTree = "<group>"; };
		84A48A052241F0E100A8D124 /* PhotosSelectItem.swift */ = {isa = PBXFileReference; fileEncoding = 4; lastKnownFileType = sourcecode.swift; path = PhotosSelectItem.swift; sourceTree = "<group>"; };
		84A48A062241F0E100A8D124 /* AlbumsSelectTableCell.swift */ = {isa = PBXFileReference; fileEncoding = 4; lastKnownFileType = sourcecode.swift; path = AlbumsSelectTableCell.swift; sourceTree = "<group>"; };
		84A48A082241F0E100A8D124 /* PhotosManager.swift */ = {isa = PBXFileReference; fileEncoding = 4; lastKnownFileType = sourcecode.swift; path = PhotosManager.swift; sourceTree = "<group>"; };
		84A48A092241F0E100A8D124 /* PhotosImageRequester.swift */ = {isa = PBXFileReference; fileEncoding = 4; lastKnownFileType = sourcecode.swift; path = PhotosImageRequester.swift; sourceTree = "<group>"; };
		84A48A0A2241F0E100A8D124 /* PhotosSelectCollectionCell.swift */ = {isa = PBXFileReference; fileEncoding = 4; lastKnownFileType = sourcecode.swift; path = PhotosSelectCollectionCell.swift; sourceTree = "<group>"; };
		84A48A0B2241F0E100A8D124 /* PhotosSelectViewController.swift */ = {isa = PBXFileReference; fileEncoding = 4; lastKnownFileType = sourcecode.swift; path = PhotosSelectViewController.swift; sourceTree = "<group>"; };
		84A48A0D2241F0E100A8D124 /* AuthorizationManager.swift */ = {isa = PBXFileReference; fileEncoding = 4; lastKnownFileType = sourcecode.swift; path = AuthorizationManager.swift; sourceTree = "<group>"; };
		84A48A0E2241F0E100A8D124 /* PhotosSelectViewController.storyboard */ = {isa = PBXFileReference; fileEncoding = 4; lastKnownFileType = file.storyboard; path = PhotosSelectViewController.storyboard; sourceTree = "<group>"; };
		84A48A0F2241F0E100A8D124 /* AlbumsSelectViewController.swift */ = {isa = PBXFileReference; fileEncoding = 4; lastKnownFileType = sourcecode.swift; path = AlbumsSelectViewController.swift; sourceTree = "<group>"; };
		84A48A122241F0E100A8D124 /* CGFloat+bs.swift */ = {isa = PBXFileReference; fileEncoding = 4; lastKnownFileType = sourcecode.swift; path = "CGFloat+bs.swift"; sourceTree = "<group>"; };
		84A48A132241F0E100A8D124 /* CGPoint+bs.swift */ = {isa = PBXFileReference; fileEncoding = 4; lastKnownFileType = sourcecode.swift; path = "CGPoint+bs.swift"; sourceTree = "<group>"; };
		84A48A152241F0E100A8D124 /* UIColor+bs.swift */ = {isa = PBXFileReference; fileEncoding = 4; lastKnownFileType = sourcecode.swift; path = "UIColor+bs.swift"; sourceTree = "<group>"; };
		84A48A162241F0E100A8D124 /* UICollectionViewFlowLayout+NameBox.swift */ = {isa = PBXFileReference; fileEncoding = 4; lastKnownFileType = sourcecode.swift; path = "UICollectionViewFlowLayout+NameBox.swift"; sourceTree = "<group>"; };
		84A48A172241F0E100A8D124 /* UIViewController+bs.swift */ = {isa = PBXFileReference; fileEncoding = 4; lastKnownFileType = sourcecode.swift; path = "UIViewController+bs.swift"; sourceTree = "<group>"; };
		84A48A182241F0E100A8D124 /* UIView+bs.swift */ = {isa = PBXFileReference; fileEncoding = 4; lastKnownFileType = sourcecode.swift; path = "UIView+bs.swift"; sourceTree = "<group>"; };
		84A48A192241F0E100A8D124 /* UIImage+bs.swift */ = {isa = PBXFileReference; fileEncoding = 4; lastKnownFileType = sourcecode.swift; path = "UIImage+bs.swift"; sourceTree = "<group>"; };
		84A48A1B2241F0E100A8D124 /* NSObject+bs.swift */ = {isa = PBXFileReference; fileEncoding = 4; lastKnownFileType = sourcecode.swift; path = "NSObject+bs.swift"; sourceTree = "<group>"; };
		84A48A1D2241F0E100A8D124 /* String+bs.swift */ = {isa = PBXFileReference; fileEncoding = 4; lastKnownFileType = sourcecode.swift; path = "String+bs.swift"; sourceTree = "<group>"; };
		84A48A1E2241F0E100A8D124 /* TimeInterval+bs.swift */ = {isa = PBXFileReference; fileEncoding = 4; lastKnownFileType = sourcecode.swift; path = "TimeInterval+bs.swift"; sourceTree = "<group>"; };
		84A48A3522421F3F00A8D124 /* MediaComposeItem.swift */ = {isa = PBXFileReference; fileEncoding = 4; lastKnownFileType = sourcecode.swift; path = MediaComposeItem.swift; sourceTree = "<group>"; };
		84A48A3622421F3F00A8D124 /* MediaComposeViewController.swift */ = {isa = PBXFileReference; fileEncoding = 4; lastKnownFileType = sourcecode.swift; path = MediaComposeViewController.swift; sourceTree = "<group>"; };
		84A48A3722421F3F00A8D124 /* RecordAudioProcesser.swift */ = {isa = PBXFileReference; fileEncoding = 4; lastKnownFileType = sourcecode.swift; path = RecordAudioProcesser.swift; sourceTree = "<group>"; };
		84A48A3822421F3F00A8D124 /* MediaComposer.swift */ = {isa = PBXFileReference; fileEncoding = 4; lastKnownFileType = sourcecode.swift; path = MediaComposer.swift; sourceTree = "<group>"; };
		84A48A3F2242212900A8D124 /* AACEncoder.h */ = {isa = PBXFileReference; fileEncoding = 4; lastKnownFileType = sourcecode.c.h; path = AACEncoder.h; sourceTree = "<group>"; };
		84A48A402242212900A8D124 /* AACEncoder.m */ = {isa = PBXFileReference; fileEncoding = 4; lastKnownFileType = sourcecode.c.objc; path = AACEncoder.m; sourceTree = "<group>"; };
		84A48A492242216500A8D124 /* Bridging-Header.h */ = {isa = PBXFileReference; lastKnownFileType = sourcecode.c.h; path = "Bridging-Header.h"; sourceTree = "<group>"; };
		84A48A4B2242231C00A8D124 /* AVAssetExportSession+NameBox.swift */ = {isa = PBXFileReference; fileEncoding = 4; lastKnownFileType = sourcecode.swift; path = "AVAssetExportSession+NameBox.swift"; sourceTree = "<group>"; };
		84A48A4C2242231C00A8D124 /* AVAsset+AVComposition.swift */ = {isa = PBXFileReference; fileEncoding = 4; lastKnownFileType = sourcecode.swift; path = "AVAsset+AVComposition.swift"; sourceTree = "<group>"; };
		84A48A4D2242231C00A8D124 /* AVAssetTrack+NameBox.swift */ = {isa = PBXFileReference; fileEncoding = 4; lastKnownFileType = sourcecode.swift; path = "AVAssetTrack+NameBox.swift"; sourceTree = "<group>"; };
		84A48A4E2242231C00A8D124 /* AVAudioSession+NameBox.swift */ = {isa = PBXFileReference; fileEncoding = 4; lastKnownFileType = sourcecode.swift; path = "AVAudioSession+NameBox.swift"; sourceTree = "<group>"; };
		84A48A7E224223C300A8D124 /* VideoControlCollectionCell.swift */ = {isa = PBXFileReference; fileEncoding = 4; lastKnownFileType = sourcecode.swift; path = VideoControlCollectionCell.swift; sourceTree = "<group>"; };
		84A48A80224223C300A8D124 /* VideoControlView.xib */ = {isa = PBXFileReference; fileEncoding = 4; lastKnownFileType = file.xib; path = VideoControlView.xib; sourceTree = "<group>"; };
		84A48A81224223C300A8D124 /* MediaEditComponentView.xib */ = {isa = PBXFileReference; fileEncoding = 4; lastKnownFileType = file.xib; path = MediaEditComponentView.xib; sourceTree = "<group>"; };
		84A48A82224223C300A8D124 /* MediaEditComponentView.swift */ = {isa = PBXFileReference; fileEncoding = 4; lastKnownFileType = sourcecode.swift; path = MediaEditComponentView.swift; sourceTree = "<group>"; };
		84A48A83224223C300A8D124 /* VideoControlView.swift */ = {isa = PBXFileReference; fileEncoding = 4; lastKnownFileType = sourcecode.swift; path = VideoControlView.swift; sourceTree = "<group>"; };
		84A48AAC2242261C00A8D124 /* MediaComposeViewModel.swift */ = {isa = PBXFileReference; lastKnownFileType = sourcecode.swift; path = MediaComposeViewModel.swift; sourceTree = "<group>"; };
		84A48AB82244ED9900A8D124 /* UIImage+BSCategory.h */ = {isa = PBXFileReference; fileEncoding = 4; lastKnownFileType = sourcecode.c.h; path = "UIImage+BSCategory.h"; sourceTree = "<group>"; };
		84A48AB92244ED9900A8D124 /* UIImage+BSCategory.m */ = {isa = PBXFileReference; fileEncoding = 4; lastKnownFileType = sourcecode.c.objc; path = "UIImage+BSCategory.m"; sourceTree = "<group>"; };
		84A48ABB2244F17200A8D124 /* FileManager+NameBox.swift */ = {isa = PBXFileReference; fileEncoding = 4; lastKnownFileType = sourcecode.swift; path = "FileManager+NameBox.swift"; sourceTree = "<group>"; };
		84A48ACD2248C71000A8D124 /* AudioSelectionCollectionCell.swift */ = {isa = PBXFileReference; fileEncoding = 4; lastKnownFileType = sourcecode.swift; path = AudioSelectionCollectionCell.swift; sourceTree = "<group>"; };
		84A48AD52248C71000A8D124 /* AudioSelectionView.swift */ = {isa = PBXFileReference; fileEncoding = 4; lastKnownFileType = sourcecode.swift; path = AudioSelectionView.swift; sourceTree = "<group>"; };
		84EA156E224CA156008F523F /* AudioEditView.xib */ = {isa = PBXFileReference; fileEncoding = 4; lastKnownFileType = file.xib; path = AudioEditView.xib; sourceTree = "<group>"; };
		84EA156F224CA156008F523F /* AudioEditView.swift */ = {isa = PBXFileReference; fileEncoding = 4; lastKnownFileType = sourcecode.swift; path = AudioEditView.swift; sourceTree = "<group>"; };
		C9FCBA9F72341450398ABBCB /* Pods_VoiceActing.framework */ = {isa = PBXFileReference; explicitFileType = wrapper.framework; includeInIndex = 0; path = Pods_VoiceActing.framework; sourceTree = BUILT_PRODUCTS_DIR; };
/* End PBXFileReference section */

/* Begin PBXFrameworksBuildPhase section */
		84A4897A223FAB1700A8D124 /* Frameworks */ = {
			isa = PBXFrameworksBuildPhase;
			buildActionMask = 2147483647;
			files = (
				4C4D7293B9B2EFA2C7AD65BE /* Pods_VoiceActing.framework in Frameworks */,
			);
			runOnlyForDeploymentPostprocessing = 0;
		};
/* End PBXFrameworksBuildPhase section */

/* Begin PBXGroup section */
		09AEB76F855654327D25E90E /* Pods */ = {
			isa = PBXGroup;
			children = (
				6CA95BA3DCF5FF3C76FD77CA /* Pods-VoiceActing.debug.xcconfig */,
				7EB21FE22BF8A5C96D5E631C /* Pods-VoiceActing.release.xcconfig */,
			);
			name = Pods;
			sourceTree = "<group>";
		};
		8415465F224DC8DC00A89A4F /* AnimationSlider */ = {
			isa = PBXGroup;
			children = (
				84154660224DC8DC00A89A4F /* AnimationSlider.swift */,
			);
			path = AnimationSlider;
			sourceTree = "<group>";
		};
		84A48974223FAB1700A8D124 = {
			isa = PBXGroup;
			children = (
				84A4897F223FAB1700A8D124 /* VoiceActing */,
				84A4897E223FAB1700A8D124 /* Products */,
				09AEB76F855654327D25E90E /* Pods */,
				ADDEB6E0F1743190A75280A0 /* Frameworks */,
			);
			sourceTree = "<group>";
		};
		84A4897E223FAB1700A8D124 /* Products */ = {
			isa = PBXGroup;
			children = (
				84A4897D223FAB1700A8D124 /* VoiceActing.app */,
			);
			name = Products;
			sourceTree = "<group>";
		};
		84A4897F223FAB1700A8D124 /* VoiceActing */ = {
			isa = PBXGroup;
			children = (
				84A48980223FAB1700A8D124 /* AppDelegate.swift */,
				84A48982223FAB1700A8D124 /* ViewController.swift */,
				84A48A102241F0E100A8D124 /* Extension */,
				84A48A3D2242211300A8D124 /* Vendor */,
				84A48A042241F0E100A8D124 /* PhotosSelect */,
				84A48A002241F0E100A8D124 /* Protocol */,
				84A489F52241E95500A8D124 /* MediaCompose */,
				84A48984223FAB1700A8D124 /* Main.storyboard */,
				84A48987223FAB1900A8D124 /* Assets.xcassets */,
				84A48989223FAB1900A8D124 /* LaunchScreen.storyboard */,
				84A4898C223FAB1900A8D124 /* Info.plist */,
				84A48A492242216500A8D124 /* Bridging-Header.h */,
			);
			path = VoiceActing;
			sourceTree = "<group>";
		};
		84A489F52241E95500A8D124 /* MediaCompose */ = {
			isa = PBXGroup;
			children = (
				8415465A224DC3EA00A89A4F /* AudioToolView.swift */,
				8415465B224DC3EA00A89A4F /* AudioToolView.xib */,
				84A48A7C224223C300A8D124 /* MediaControl */,
				84A48AC02248C71000A8D124 /* AudioSelection */,
				84A48A3522421F3F00A8D124 /* MediaComposeItem.swift */,
				84A48A3822421F3F00A8D124 /* MediaComposer.swift */,
				84A48AAC2242261C00A8D124 /* MediaComposeViewModel.swift */,
				84A48A3622421F3F00A8D124 /* MediaComposeViewController.swift */,
				84A48A3722421F3F00A8D124 /* RecordAudioProcesser.swift */,
				84A489F62241E9FA00A8D124 /* MediaCompose.storyboard */,
			);
			path = MediaCompose;
			sourceTree = "<group>";
		};
		84A48A002241F0E100A8D124 /* Protocol */ = {
			isa = PBXGroup;
			children = (
				84A48A012241F0E100A8D124 /* Adaptable.swift */,
				84A48A022241F0E100A8D124 /* Namespace.swift */,
			);
			path = Protocol;
			sourceTree = "<group>";
		};
		84A48A042241F0E100A8D124 /* PhotosSelect */ = {
			isa = PBXGroup;
			children = (
				84A48A052241F0E100A8D124 /* PhotosSelectItem.swift */,
				84A48A062241F0E100A8D124 /* AlbumsSelectTableCell.swift */,
				84A48A072241F0E100A8D124 /* PhotosManager */,
				84A48A0A2241F0E100A8D124 /* PhotosSelectCollectionCell.swift */,
				84A48A0B2241F0E100A8D124 /* PhotosSelectViewController.swift */,
				84A48A0C2241F0E100A8D124 /* AuthorizationManager */,
				84A48A0E2241F0E100A8D124 /* PhotosSelectViewController.storyboard */,
				84A48A0F2241F0E100A8D124 /* AlbumsSelectViewController.swift */,
			);
			path = PhotosSelect;
			sourceTree = "<group>";
		};
		84A48A072241F0E100A8D124 /* PhotosManager */ = {
			isa = PBXGroup;
			children = (
				84A48A082241F0E100A8D124 /* PhotosManager.swift */,
				84A48A092241F0E100A8D124 /* PhotosImageRequester.swift */,
			);
			path = PhotosManager;
			sourceTree = "<group>";
		};
		84A48A0C2241F0E100A8D124 /* AuthorizationManager */ = {
			isa = PBXGroup;
			children = (
				84A48A0D2241F0E100A8D124 /* AuthorizationManager.swift */,
			);
			path = AuthorizationManager;
			sourceTree = "<group>";
		};
		84A48A102241F0E100A8D124 /* Extension */ = {
			isa = PBXGroup;
			children = (
				84A48A4A2242231C00A8D124 /* AVFoundation */,
				84A48A112241F0E100A8D124 /* CoreGraphics */,
				84A48A142241F0E100A8D124 /* UIKit */,
				84A48A1A2241F0E100A8D124 /* Foundation */,
				84A48A1C2241F0E100A8D124 /* SwiftFoundation */,
			);
			path = Extension;
			sourceTree = "<group>";
		};
		84A48A112241F0E100A8D124 /* CoreGraphics */ = {
			isa = PBXGroup;
			children = (
				84A48A122241F0E100A8D124 /* CGFloat+bs.swift */,
				84A48A132241F0E100A8D124 /* CGPoint+bs.swift */,
			);
			path = CoreGraphics;
			sourceTree = "<group>";
		};
		84A48A142241F0E100A8D124 /* UIKit */ = {
			isa = PBXGroup;
			children = (
				84154663224DC94B00A89A4F /* UIResponder+NameBox.swift */,
				84A48A152241F0E100A8D124 /* UIColor+bs.swift */,
				84A48A162241F0E100A8D124 /* UICollectionViewFlowLayout+NameBox.swift */,
				84A48A172241F0E100A8D124 /* UIViewController+bs.swift */,
				84A48A182241F0E100A8D124 /* UIView+bs.swift */,
				84A48A192241F0E100A8D124 /* UIImage+bs.swift */,
			);
			path = UIKit;
			sourceTree = "<group>";
		};
		84A48A1A2241F0E100A8D124 /* Foundation */ = {
			isa = PBXGroup;
			children = (
				84A48A1B2241F0E100A8D124 /* NSObject+bs.swift */,
			);
			path = Foundation;
			sourceTree = "<group>";
		};
		84A48A1C2241F0E100A8D124 /* SwiftFoundation */ = {
			isa = PBXGroup;
			children = (
				84A48ABB2244F17200A8D124 /* FileManager+NameBox.swift */,
				84A48A1D2241F0E100A8D124 /* String+bs.swift */,
				84A48A1E2241F0E100A8D124 /* TimeInterval+bs.swift */,
			);
			path = SwiftFoundation;
			sourceTree = "<group>";
		};
		84A48A3D2242211300A8D124 /* Vendor */ = {
			isa = PBXGroup;
			children = (
				8415465F224DC8DC00A89A4F /* AnimationSlider */,
				8415465E224DC8DC00A89A4F /* HitExtendButton.swift */,
				84A48AB72244ED9900A8D124 /* UIImage+BSCategory */,
				84A48A3E2242212900A8D124 /* PCM->AAC */,
			);
			path = Vendor;
			sourceTree = "<group>";
		};
		84A48A3E2242212900A8D124 /* PCM->AAC */ = {
			isa = PBXGroup;
			children = (
				84A48A3F2242212900A8D124 /* AACEncoder.h */,
				84A48A402242212900A8D124 /* AACEncoder.m */,
			);
			path = "PCM->AAC";
			sourceTree = "<group>";
		};
		84A48A4A2242231C00A8D124 /* AVFoundation */ = {
			isa = PBXGroup;
			children = (
				84A48A4B2242231C00A8D124 /* AVAssetExportSession+NameBox.swift */,
				84A48A4C2242231C00A8D124 /* AVAsset+AVComposition.swift */,
				84A48A4D2242231C00A8D124 /* AVAssetTrack+NameBox.swift */,
				84A48A4E2242231C00A8D124 /* AVAudioSession+NameBox.swift */,
			);
			path = AVFoundation;
			sourceTree = "<group>";
		};
		84A48A7C224223C300A8D124 /* MediaControl */ = {
			isa = PBXGroup;
			children = (
				84A48A83224223C300A8D124 /* VideoControlView.swift */,
				84A48A7E224223C300A8D124 /* VideoControlCollectionCell.swift */,
				84A48A80224223C300A8D124 /* VideoControlView.xib */,
				84EA156F224CA156008F523F /* AudioEditView.swift */,
				84EA156E224CA156008F523F /* AudioEditView.xib */,
				84A48A82224223C300A8D124 /* MediaEditComponentView.swift */,
				84A48A81224223C300A8D124 /* MediaEditComponentView.xib */,
			);
			path = MediaControl;
			sourceTree = "<group>";
		};
		84A48AB72244ED9900A8D124 /* UIImage+BSCategory */ = {
			isa = PBXGroup;
			children = (
				84A48AB82244ED9900A8D124 /* UIImage+BSCategory.h */,
				84A48AB92244ED9900A8D124 /* UIImage+BSCategory.m */,
			);
			path = "UIImage+BSCategory";
			sourceTree = "<group>";
		};
		84A48AC02248C71000A8D124 /* AudioSelection */ = {
			isa = PBXGroup;
			children = (
				84A48AD52248C71000A8D124 /* AudioSelectionView.swift */,
				84A48ACD2248C71000A8D124 /* AudioSelectionCollectionCell.swift */,
				84117660224B7FE400F8E8D5 /* AudioRecordView.swift */,
				8411765F224B7FE400F8E8D5 /* AudioRecordView.xib */,
			);
			path = AudioSelection;
			sourceTree = "<group>";
		};
		ADDEB6E0F1743190A75280A0 /* Frameworks */ = {
			isa = PBXGroup;
			children = (
				C9FCBA9F72341450398ABBCB /* Pods_VoiceActing.framework */,
			);
			name = Frameworks;
			sourceTree = "<group>";
		};
/* End PBXGroup section */

/* Begin PBXNativeTarget section */
		84A4897C223FAB1700A8D124 /* VoiceActing */ = {
			isa = PBXNativeTarget;
			buildConfigurationList = 84A4898F223FAB1900A8D124 /* Build configuration list for PBXNativeTarget "VoiceActing" */;
			buildPhases = (
				7C76D40D62C26B1E8231C582 /* [CP] Check Pods Manifest.lock */,
				84A48979223FAB1700A8D124 /* Sources */,
				84A4897A223FAB1700A8D124 /* Frameworks */,
				84A4897B223FAB1700A8D124 /* Resources */,
				D9B81F36D9CBF061542E8E55 /* [CP] Embed Pods Frameworks */,
				E26BADCC53D5173B9D9AFA04 /* [CP] Copy Pods Resources */,
			);
			buildRules = (
			);
			dependencies = (
			);
			name = VoiceActing;
			productName = VoiceActing;
			productReference = 84A4897D223FAB1700A8D124 /* VoiceActing.app */;
			productType = "com.apple.product-type.application";
		};
/* End PBXNativeTarget section */

/* Begin PBXProject section */
		84A48975223FAB1700A8D124 /* Project object */ = {
			isa = PBXProject;
			attributes = {
				LastSwiftUpdateCheck = 1010;
				LastUpgradeCheck = 1010;
				ORGANIZATIONNAME = blurryssky;
				TargetAttributes = {
					84A4897C223FAB1700A8D124 = {
						CreatedOnToolsVersion = 10.1;
					};
				};
			};
			buildConfigurationList = 84A48978223FAB1700A8D124 /* Build configuration list for PBXProject "VoiceActing" */;
			compatibilityVersion = "Xcode 9.3";
			developmentRegion = en;
			hasScannedForEncodings = 0;
			knownRegions = (
				en,
				Base,
			);
			mainGroup = 84A48974223FAB1700A8D124;
			productRefGroup = 84A4897E223FAB1700A8D124 /* Products */;
			projectDirPath = "";
			projectRoot = "";
			targets = (
				84A4897C223FAB1700A8D124 /* VoiceActing */,
			);
		};
/* End PBXProject section */

/* Begin PBXResourcesBuildPhase section */
		84A4897B223FAB1700A8D124 /* Resources */ = {
			isa = PBXResourcesBuildPhase;
			buildActionMask = 2147483647;
			files = (
				84117661224B7FE400F8E8D5 /* AudioRecordView.xib in Resources */,
				84A489F72241E9FA00A8D124 /* MediaCompose.storyboard in Resources */,
				84EA1570224CA156008F523F /* AudioEditView.xib in Resources */,
				8415465D224DC3EA00A89A4F /* AudioToolView.xib in Resources */,
				84A4898B223FAB1900A8D124 /* LaunchScreen.storyboard in Resources */,
				84A48988223FAB1900A8D124 /* Assets.xcassets in Resources */,
				84A48986223FAB1700A8D124 /* Main.storyboard in Resources */,
				84A48A292241F0E100A8D124 /* PhotosSelectViewController.storyboard in Resources */,
				84A48AA8224223C300A8D124 /* VideoControlView.xib in Resources */,
				84A48AA9224223C300A8D124 /* MediaEditComponentView.xib in Resources */,
			);
			runOnlyForDeploymentPostprocessing = 0;
		};
/* End PBXResourcesBuildPhase section */

/* Begin PBXShellScriptBuildPhase section */
		7C76D40D62C26B1E8231C582 /* [CP] Check Pods Manifest.lock */ = {
			isa = PBXShellScriptBuildPhase;
			buildActionMask = 2147483647;
			files = (
			);
			inputPaths = (
				"${PODS_PODFILE_DIR_PATH}/Podfile.lock",
				"${PODS_ROOT}/Manifest.lock",
			);
			name = "[CP] Check Pods Manifest.lock";
			outputPaths = (
				"$(DERIVED_FILE_DIR)/Pods-VoiceActing-checkManifestLockResult.txt",
			);
			runOnlyForDeploymentPostprocessing = 0;
			shellPath = /bin/sh;
			shellScript = "diff \"${PODS_PODFILE_DIR_PATH}/Podfile.lock\" \"${PODS_ROOT}/Manifest.lock\" > /dev/null\nif [ $? != 0 ] ; then\n    # print error to STDERR\n    echo \"error: The sandbox is not in sync with the Podfile.lock. Run 'pod install' or update your CocoaPods installation.\" >&2\n    exit 1\nfi\n# This output is used by Xcode 'outputs' to avoid re-running this script phase.\necho \"SUCCESS\" > \"${SCRIPT_OUTPUT_FILE_0}\"\n";
			showEnvVarsInLog = 0;
		};
		D9B81F36D9CBF061542E8E55 /* [CP] Embed Pods Frameworks */ = {
			isa = PBXShellScriptBuildPhase;
			buildActionMask = 2147483647;
			files = (
			);
			inputPaths = (
				"${SRCROOT}/Pods/Target Support Files/Pods-VoiceActing/Pods-VoiceActing-frameworks.sh",
				"${BUILT_PRODUCTS_DIR}/RxAtomic/RxAtomic.framework",
				"${BUILT_PRODUCTS_DIR}/RxCocoa/RxCocoa.framework",
				"${BUILT_PRODUCTS_DIR}/RxSwift/RxSwift.framework",
				"${BUILT_PRODUCTS_DIR}/SnapKit/SnapKit.framework",
			);
			name = "[CP] Embed Pods Frameworks";
			outputPaths = (
				"${TARGET_BUILD_DIR}/${FRAMEWORKS_FOLDER_PATH}/RxAtomic.framework",
				"${TARGET_BUILD_DIR}/${FRAMEWORKS_FOLDER_PATH}/RxCocoa.framework",
				"${TARGET_BUILD_DIR}/${FRAMEWORKS_FOLDER_PATH}/RxSwift.framework",
				"${TARGET_BUILD_DIR}/${FRAMEWORKS_FOLDER_PATH}/SnapKit.framework",
			);
			runOnlyForDeploymentPostprocessing = 0;
			shellPath = /bin/sh;
			shellScript = "\"${SRCROOT}/Pods/Target Support Files/Pods-VoiceActing/Pods-VoiceActing-frameworks.sh\"\n";
			showEnvVarsInLog = 0;
		};
		E26BADCC53D5173B9D9AFA04 /* [CP] Copy Pods Resources */ = {
			isa = PBXShellScriptBuildPhase;
			buildActionMask = 2147483647;
			files = (
			);
			inputPaths = (
			);
			name = "[CP] Copy Pods Resources";
			outputPaths = (
			);
			runOnlyForDeploymentPostprocessing = 0;
			shellPath = /bin/sh;
			shellScript = "\"${SRCROOT}/Pods/Target Support Files/Pods-VoiceActing/Pods-VoiceActing-resources.sh\"\n";
			showEnvVarsInLog = 0;
		};
/* End PBXShellScriptBuildPhase section */

/* Begin PBXSourcesBuildPhase section */
		84A48979223FAB1700A8D124 /* Sources */ = {
			isa = PBXSourcesBuildPhase;
			buildActionMask = 2147483647;
			files = (
				84A48AAB224223C300A8D124 /* VideoControlView.swift in Sources */,
				84A48A3A22421F3F00A8D124 /* MediaComposeViewController.swift in Sources */,
				84A48A502242231C00A8D124 /* AVAsset+AVComposition.swift in Sources */,
				84A48A2A2241F0E100A8D124 /* AlbumsSelectViewController.swift in Sources */,
				84A48AAD2242261C00A8D124 /* MediaComposeViewModel.swift in Sources */,
				84A48A322241F0E100A8D124 /* NSObject+bs.swift in Sources */,
				84A48AF32248C71000A8D124 /* AudioSelectionView.swift in Sources */,
				84A48A272241F0E100A8D124 /* PhotosSelectViewController.swift in Sources */,
				84A48A3C22421F3F00A8D124 /* MediaComposer.swift in Sources */,
				84A48AED2248C71000A8D124 /* AudioSelectionCollectionCell.swift in Sources */,
				84A48A332241F0E100A8D124 /* String+bs.swift in Sources */,
				84A48A4F2242231C00A8D124 /* AVAssetExportSession+NameBox.swift in Sources */,
				84117662224B7FE400F8E8D5 /* AudioRecordView.swift in Sources */,
				84A48983223FAB1700A8D124 /* ViewController.swift in Sources */,
				84A48A512242231C00A8D124 /* AVAssetTrack+NameBox.swift in Sources */,
				84A48ABA2244ED9900A8D124 /* UIImage+BSCategory.m in Sources */,
				84A48A342241F0E100A8D124 /* TimeInterval+bs.swift in Sources */,
				84A48A1F2241F0E100A8D124 /* Adaptable.swift in Sources */,
				84A48A262241F0E100A8D124 /* PhotosSelectCollectionCell.swift in Sources */,
				8415465C224DC3EA00A89A4F /* AudioToolView.swift in Sources */,
				84A48A232241F0E100A8D124 /* AlbumsSelectTableCell.swift in Sources */,
				84A48A282241F0E100A8D124 /* AuthorizationManager.swift in Sources */,
				84A48981223FAB1700A8D124 /* AppDelegate.swift in Sources */,
				84A48A2D2241F0E100A8D124 /* UIColor+bs.swift in Sources */,
				84A48A2F2241F0E100A8D124 /* UIViewController+bs.swift in Sources */,
				84154664224DC94B00A89A4F /* UIResponder+NameBox.swift in Sources */,
				84A48A2C2241F0E100A8D124 /* CGPoint+bs.swift in Sources */,
				84A48AA6224223C300A8D124 /* VideoControlCollectionCell.swift in Sources */,
				84A48ABC2244F17200A8D124 /* FileManager+NameBox.swift in Sources */,
				84A48A202241F0E100A8D124 /* Namespace.swift in Sources */,
				84A48A252241F0E100A8D124 /* PhotosImageRequester.swift in Sources */,
				84A48AAA224223C300A8D124 /* MediaEditComponentView.swift in Sources */,
				84154662224DC8DC00A89A4F /* AnimationSlider.swift in Sources */,
				84A48A302241F0E100A8D124 /* UIView+bs.swift in Sources */,
				84A48A3B22421F3F00A8D124 /* RecordAudioProcesser.swift in Sources */,
				84A48A2B2241F0E100A8D124 /* CGFloat+bs.swift in Sources */,
				84A48A522242231C00A8D124 /* AVAudioSession+NameBox.swift in Sources */,
				84A48A3922421F3F00A8D124 /* MediaComposeItem.swift in Sources */,
				84A48A442242212900A8D124 /* AACEncoder.m in Sources */,
				84EA1571224CA156008F523F /* AudioEditView.swift in Sources */,
				84A48A312241F0E100A8D124 /* UIImage+bs.swift in Sources */,
				84A48A242241F0E100A8D124 /* PhotosManager.swift in Sources */,
				84154661224DC8DC00A89A4F /* HitExtendButton.swift in Sources */,
				84A48A2E2241F0E100A8D124 /* UICollectionViewFlowLayout+NameBox.swift in Sources */,
				84A48A222241F0E100A8D124 /* PhotosSelectItem.swift in Sources */,
			);
			runOnlyForDeploymentPostprocessing = 0;
		};
/* End PBXSourcesBuildPhase section */

/* Begin PBXVariantGroup section */
		84A48984223FAB1700A8D124 /* Main.storyboard */ = {
			isa = PBXVariantGroup;
			children = (
				84A48985223FAB1700A8D124 /* Base */,
			);
			name = Main.storyboard;
			sourceTree = "<group>";
		};
		84A48989223FAB1900A8D124 /* LaunchScreen.storyboard */ = {
			isa = PBXVariantGroup;
			children = (
				84A4898A223FAB1900A8D124 /* Base */,
			);
			name = LaunchScreen.storyboard;
			sourceTree = "<group>";
		};
/* End PBXVariantGroup section */

/* Begin XCBuildConfiguration section */
		84A4898D223FAB1900A8D124 /* Debug */ = {
			isa = XCBuildConfiguration;
			buildSettings = {
				ALWAYS_SEARCH_USER_PATHS = NO;
				CLANG_ANALYZER_NONNULL = YES;
				CLANG_ANALYZER_NUMBER_OBJECT_CONVERSION = YES_AGGRESSIVE;
				CLANG_CXX_LANGUAGE_STANDARD = "gnu++14";
				CLANG_CXX_LIBRARY = "libc++";
				CLANG_ENABLE_MODULES = YES;
				CLANG_ENABLE_OBJC_ARC = YES;
				CLANG_ENABLE_OBJC_WEAK = YES;
				CLANG_WARN_BLOCK_CAPTURE_AUTORELEASING = YES;
				CLANG_WARN_BOOL_CONVERSION = YES;
				CLANG_WARN_COMMA = YES;
				CLANG_WARN_CONSTANT_CONVERSION = YES;
				CLANG_WARN_DEPRECATED_OBJC_IMPLEMENTATIONS = YES;
				CLANG_WARN_DIRECT_OBJC_ISA_USAGE = YES_ERROR;
				CLANG_WARN_DOCUMENTATION_COMMENTS = YES;
				CLANG_WARN_EMPTY_BODY = YES;
				CLANG_WARN_ENUM_CONVERSION = YES;
				CLANG_WARN_INFINITE_RECURSION = YES;
				CLANG_WARN_INT_CONVERSION = YES;
				CLANG_WARN_NON_LITERAL_NULL_CONVERSION = YES;
				CLANG_WARN_OBJC_IMPLICIT_RETAIN_SELF = YES;
				CLANG_WARN_OBJC_LITERAL_CONVERSION = YES;
				CLANG_WARN_OBJC_ROOT_CLASS = YES_ERROR;
				CLANG_WARN_RANGE_LOOP_ANALYSIS = YES;
				CLANG_WARN_STRICT_PROTOTYPES = YES;
				CLANG_WARN_SUSPICIOUS_MOVE = YES;
				CLANG_WARN_UNGUARDED_AVAILABILITY = YES_AGGRESSIVE;
				CLANG_WARN_UNREACHABLE_CODE = YES;
				CLANG_WARN__DUPLICATE_METHOD_MATCH = YES;
				CODE_SIGN_IDENTITY = "iPhone Developer";
				COPY_PHASE_STRIP = NO;
				DEBUG_INFORMATION_FORMAT = dwarf;
				ENABLE_STRICT_OBJC_MSGSEND = YES;
				ENABLE_TESTABILITY = YES;
				GCC_C_LANGUAGE_STANDARD = gnu11;
				GCC_DYNAMIC_NO_PIC = NO;
				GCC_NO_COMMON_BLOCKS = YES;
				GCC_OPTIMIZATION_LEVEL = 0;
				GCC_PREPROCESSOR_DEFINITIONS = (
					"DEBUG=1",
					"$(inherited)",
				);
				GCC_WARN_64_TO_32_BIT_CONVERSION = YES;
				GCC_WARN_ABOUT_RETURN_TYPE = YES_ERROR;
				GCC_WARN_UNDECLARED_SELECTOR = YES;
				GCC_WARN_UNINITIALIZED_AUTOS = YES_AGGRESSIVE;
				GCC_WARN_UNUSED_FUNCTION = YES;
				GCC_WARN_UNUSED_VARIABLE = YES;
				IPHONEOS_DEPLOYMENT_TARGET = 12.1;
				MTL_ENABLE_DEBUG_INFO = INCLUDE_SOURCE;
				MTL_FAST_MATH = YES;
				ONLY_ACTIVE_ARCH = YES;
				SDKROOT = iphoneos;
				SWIFT_ACTIVE_COMPILATION_CONDITIONS = DEBUG;
				SWIFT_OPTIMIZATION_LEVEL = "-Onone";
			};
			name = Debug;
		};
		84A4898E223FAB1900A8D124 /* Release */ = {
			isa = XCBuildConfiguration;
			buildSettings = {
				ALWAYS_SEARCH_USER_PATHS = NO;
				CLANG_ANALYZER_NONNULL = YES;
				CLANG_ANALYZER_NUMBER_OBJECT_CONVERSION = YES_AGGRESSIVE;
				CLANG_CXX_LANGUAGE_STANDARD = "gnu++14";
				CLANG_CXX_LIBRARY = "libc++";
				CLANG_ENABLE_MODULES = YES;
				CLANG_ENABLE_OBJC_ARC = YES;
				CLANG_ENABLE_OBJC_WEAK = YES;
				CLANG_WARN_BLOCK_CAPTURE_AUTORELEASING = YES;
				CLANG_WARN_BOOL_CONVERSION = YES;
				CLANG_WARN_COMMA = YES;
				CLANG_WARN_CONSTANT_CONVERSION = YES;
				CLANG_WARN_DEPRECATED_OBJC_IMPLEMENTATIONS = YES;
				CLANG_WARN_DIRECT_OBJC_ISA_USAGE = YES_ERROR;
				CLANG_WARN_DOCUMENTATION_COMMENTS = YES;
				CLANG_WARN_EMPTY_BODY = YES;
				CLANG_WARN_ENUM_CONVERSION = YES;
				CLANG_WARN_INFINITE_RECURSION = YES;
				CLANG_WARN_INT_CONVERSION = YES;
				CLANG_WARN_NON_LITERAL_NULL_CONVERSION = YES;
				CLANG_WARN_OBJC_IMPLICIT_RETAIN_SELF = YES;
				CLANG_WARN_OBJC_LITERAL_CONVERSION = YES;
				CLANG_WARN_OBJC_ROOT_CLASS = YES_ERROR;
				CLANG_WARN_RANGE_LOOP_ANALYSIS = YES;
				CLANG_WARN_STRICT_PROTOTYPES = YES;
				CLANG_WARN_SUSPICIOUS_MOVE = YES;
				CLANG_WARN_UNGUARDED_AVAILABILITY = YES_AGGRESSIVE;
				CLANG_WARN_UNREACHABLE_CODE = YES;
				CLANG_WARN__DUPLICATE_METHOD_MATCH = YES;
				CODE_SIGN_IDENTITY = "iPhone Developer";
				COPY_PHASE_STRIP = NO;
				DEBUG_INFORMATION_FORMAT = "dwarf-with-dsym";
				ENABLE_NS_ASSERTIONS = NO;
				ENABLE_STRICT_OBJC_MSGSEND = YES;
				GCC_C_LANGUAGE_STANDARD = gnu11;
				GCC_NO_COMMON_BLOCKS = YES;
				GCC_WARN_64_TO_32_BIT_CONVERSION = YES;
				GCC_WARN_ABOUT_RETURN_TYPE = YES_ERROR;
				GCC_WARN_UNDECLARED_SELECTOR = YES;
				GCC_WARN_UNINITIALIZED_AUTOS = YES_AGGRESSIVE;
				GCC_WARN_UNUSED_FUNCTION = YES;
				GCC_WARN_UNUSED_VARIABLE = YES;
				IPHONEOS_DEPLOYMENT_TARGET = 12.1;
				MTL_ENABLE_DEBUG_INFO = NO;
				MTL_FAST_MATH = YES;
				SDKROOT = iphoneos;
				SWIFT_COMPILATION_MODE = wholemodule;
				SWIFT_OPTIMIZATION_LEVEL = "-O";
				VALIDATE_PRODUCT = YES;
			};
			name = Release;
		};
		84A48990223FAB1900A8D124 /* Debug */ = {
			isa = XCBuildConfiguration;
			baseConfigurationReference = 6CA95BA3DCF5FF3C76FD77CA /* Pods-VoiceActing.debug.xcconfig */;
			buildSettings = {
				ASSETCATALOG_COMPILER_APPICON_NAME = AppIcon;
				CODE_SIGN_STYLE = Automatic;
				DEVELOPMENT_TEAM = K894H4XBD8;
				FRAMEWORK_SEARCH_PATHS = "$(inherited)";
				INFOPLIST_FILE = VoiceActing/Info.plist;
				IPHONEOS_DEPLOYMENT_TARGET = 10.0;
				LD_RUNPATH_SEARCH_PATHS = (
					"$(inherited)",
					"@executable_path/Frameworks",
				);
				PRODUCT_BUNDLE_IDENTIFIER = com.blurryssky.VoiceActing;
				PRODUCT_NAME = "$(TARGET_NAME)";
				SWIFT_OBJC_BRIDGING_HEADER = "VoiceActing/Bridging-Header.h";
				SWIFT_VERSION = 4.2;
				TARGETED_DEVICE_FAMILY = "1,2";
			};
			name = Debug;
		};
		84A48991223FAB1900A8D124 /* Release */ = {
			isa = XCBuildConfiguration;
			baseConfigurationReference = 7EB21FE22BF8A5C96D5E631C /* Pods-VoiceActing.release.xcconfig */;
			buildSettings = {
				ASSETCATALOG_COMPILER_APPICON_NAME = AppIcon;
				CODE_SIGN_STYLE = Automatic;
				DEVELOPMENT_TEAM = K894H4XBD8;
				FRAMEWORK_SEARCH_PATHS = "$(inherited)";
				INFOPLIST_FILE = VoiceActing/Info.plist;
				IPHONEOS_DEPLOYMENT_TARGET = 10.0;
				LD_RUNPATH_SEARCH_PATHS = (
					"$(inherited)",
					"@executable_path/Frameworks",
				);
				PRODUCT_BUNDLE_IDENTIFIER = com.blurryssky.VoiceActing;
				PRODUCT_NAME = "$(TARGET_NAME)";
				SWIFT_OBJC_BRIDGING_HEADER = "VoiceActing/Bridging-Header.h";
				SWIFT_VERSION = 4.2;
				TARGETED_DEVICE_FAMILY = "1,2";
			};
			name = Release;
		};
/* End XCBuildConfiguration section */

/* Begin XCConfigurationList section */
		84A48978223FAB1700A8D124 /* Build configuration list for PBXProject "VoiceActing" */ = {
			isa = XCConfigurationList;
			buildConfigurations = (
				84A4898D223FAB1900A8D124 /* Debug */,
				84A4898E223FAB1900A8D124 /* Release */,
			);
			defaultConfigurationIsVisible = 0;
			defaultConfigurationName = Release;
		};
		84A4898F223FAB1900A8D124 /* Build configuration list for PBXNativeTarget "VoiceActing" */ = {
			isa = XCConfigurationList;
			buildConfigurations = (
				84A48990223FAB1900A8D124 /* Debug */,
				84A48991223FAB1900A8D124 /* Release */,
			);
			defaultConfigurationIsVisible = 0;
			defaultConfigurationName = Release;
		};
/* End XCConfigurationList section */
	};
	rootObject = 84A48975223FAB1700A8D124 /* Project object */;
}
